lockfileVersion: 5.4

specifiers:
  prom-client: ^14.2.0

dependencies:
  prom-client: 14.2.0

packages:

  /bintrees/1.0.2:
    resolution: {integrity: sha512-VOMgTMwjAaUG580SXn3LacVgjurrbMme7ZZNYGSSV7mmtY6QQRh0Eg3pwIcntQ77DErK1L0NxkbetjcoXzVwKw==}
    dev: false

  /prom-client/14.2.0:
    resolution: {integrity: sha512-sF308EhTenb/pDRPakm+WgiN+VdM/T1RaHj1x+MvAuT8UiQP8JmOEbxVqtkbfR4LrvOg5n7ic01kRBDGXjYikA==}
    engines: {node: '>=10'}
    dependencies:
      tdigest: 0.1.2
    dev: false

  /tdigest/0.1.2:
    resolution: {integrity: sha512-+G0LLgjjo9BZX2MfdvPfH+MKLCrxlXSYec5DaPYP1fe6Iyhf0/fSmJ0bFiZ1F8BT6cGXl2LpltQptzjXKWEkKA==}
    dependencies:
      bintrees: 1.0.2
    dev: false
